<?xml version="1.0" encoding="utf-8"?>
<Project ToolsVersion="4.0" xmlns="http://schemas.microsoft.com/developer/msbuild/2003">
  <ItemGroup>
    <Filter Include="Source Files">
      <UniqueIdentifier>{a382397c-4db2-475d-a2f0-ad8d92d7db66}</UniqueIdentifier>
      <Extensions>cpp;c;cxx;rc;def;r;odl;idl;hpj;bat</Extensions>
    </Filter>
    <Filter Include="Header Files">
      <UniqueIdentifier>{52c03c62-41fd-4363-96bf-032a50a83844}</UniqueIdentifier>
    </Filter>
    <Filter Include="Resource Files">
      <UniqueIdentifier>{7c71b985-9901-4512-a78c-0050c58120e8}</UniqueIdentifier>
    </Filter>
  </ItemGroup>
  <ItemGroup>
    <ClCompile Include="debug.cpp">
      <Filter>Source Files</Filter>
    </ClCompile>
    <ClCompile Include="main_frame.cpp">
      <Filter>Source Files</Filter>
    </ClCompile>
    <ClCompile Include="StdAfx.cpp">
      <Filter>Source Files</Filter>
    </ClCompile>
    <ClCompile Include="UICrack.cpp">
      <Filter>Source Files</Filter>
    </ClCompile>
    <ClCompile Include="UIMenu.cpp">
      <Filter>Source Files</Filter>
    </ClCompile>
    <ClCompile Include="main.cpp">
      <Filter>Header Files</Filter>
    </ClCompile>
  </ItemGroup>
  <ItemGroup>
    <ClInclude Include="debug.hpp">
      <Filter>Header Files</Filter>
    </ClInclude>
    <ClInclude Include="main_frame.hpp">
      <Filter>Header Files</Filter>
    </ClInclude>
    <ClInclude Include="observer_impl_base.hpp">
      <Filter>Header Files</Filter>
    </ClInclude>
    <ClInclude Include="StdAfx.h">
      <Filter>Header Files</Filter>
    </ClInclude>
    <ClInclude Include="UICrack.h">
      <Filter>Header Files</Filter>
    </ClInclude>
    <ClInclude Include="UIMenu.h">
      <Filter>Header Files</Filter>
    </ClInclude>
    <ClInclude Include="resource.h">
      <Filter>Resource Files</Filter>
    </ClInclude>
  </ItemGroup>
  <ItemGroup>
    <ResourceCompile Include="MenuDemo.rc">
      <Filter>Resource Files</Filter>
    </ResourceCompile>
  </ItemGroup>
  <ItemGroup>
    <Xml Include="res\menutest.xml">
      <Filter>Resource Files</Filter>
    </Xml>
    <Xml Include="res\skin.xml">
      <Filter>Resource Files</Filter>
    </Xml>
  </ItemGroup>
</Project>